
Microsoft Visual Studio Solution File, Format Version 12.00
# Visual Studio Version 16
VisualStudioVersion = 16.0.30225.117
MinimumVisualStudioVersion = 10.0.40219.1
Project("{FAE04EC0-301F-11D3-BF4B-00C04F79EFBC}") = "CoreMvc", "CoreMvc\CoreMvc.csproj", "{39B28739-AF31-4854-97DC-B87B270D2A40}"
EndProject
Global
	GlobalSection(SolutionConfigurationPlatforms) = preSolution
		Debug|Any CPU = Debug|Any CPU
		Release|Any CPU = Release|Any CPU
	EndGlobalSection
	GlobalSection(ProjectConfigurationPlatforms) = postSolution
		{39B28739-AF31-4854-97DC-B87B270D2A40}.Debug|Any CPU.ActiveCfg = Debug|Any CPU
		{39B28739-AF31-4854-97DC-B87B270D2A40}.Debug|Any CPU.Build.0 = Debug|Any CPU
		{39B28739-AF31-4854-97DC-B87B270D2A40}.Release|Any CPU.ActiveCfg = Release|Any CPU
		{39B28739-AF31-4854-97DC-B87B270D2A40}.Release|Any CPU.Build.0 = Release|Any CPU
	EndGlobalSection
	GlobalSection(SolutionProperties) = preSolution
		HideSolutionNode = FALSE
	EndGlobalSection
	GlobalSection(ExtensibilityGlobals) = postSolution
		SolutionGuid = {3C323D76-3450-4FF7-B9BA-8E8D1C4915B5}
	EndGlobalSection
EndGlobal
